
Microsoft Visual Studio Solution File, Format Version 12.00
# Visual Studio Version 17
VisualStudioVersion = 17.7.34009.444
MinimumVisualStudioVersion = 10.0.40219.1
Project("{9A19103F-16F7-4668-BE54-9A1E7A4F7556}") = "ECommerce.Api.Products", "ECommerce.Api.Products\ECommerce.Api.Products.csproj", "{46F21372-CDD3-40F3-8C3F-1A9DD5AFB170}"
EndProject
Project("{9A19103F-16F7-4668-BE54-9A1E7A4F7556}") = "ECommerce.Api.Customers", "ECommerce.Api.Customers\ECommerce.Api.Customers.csproj", "{28938D49-C107-4E6A-968C-28F82036747A}"
EndProject
Project("{9A19103F-16F7-4668-BE54-9A1E7A4F7556}") = "ECommerce.Api.Orders", "ECommerce.Api.Orders\ECommerce.Api.Orders.csproj", "{C89598B9-9FAE-498F-9197-A4672E759ACC}"
EndProject
Project("{9A19103F-16F7-4668-BE54-9A1E7A4F7556}") = "ECommerce.Api.Search", "ECommerce.Api.Search\ECommerce.Api.Search.csproj", "{B9C6BA7B-027A-4D5C-A5BD-3EFE38F95771}"
EndProject
Project("{FAE04EC0-301F-11D3-BF4B-00C04F79EFBC}") = "Ecommerce.Api.Products.Test", "Ecommerce.Api.Products.Test\Ecommerce.Api.Products.Test.csproj", "{0129D0F4-4651-4B34-B9DE-0CEFE05BEC19}"
EndProject
Global
	GlobalSection(SolutionConfigurationPlatforms) = preSolution
		Debug|Any CPU = Debug|Any CPU
		Release|Any CPU = Release|Any CPU
	EndGlobalSection
	GlobalSection(ProjectConfigurationPlatforms) = postSolution
		{46F21372-CDD3-40F3-8C3F-1A9DD5AFB170}.Debug|Any CPU.ActiveCfg = Debug|Any CPU
		{46F21372-CDD3-40F3-8C3F-1A9DD5AFB170}.Debug|Any CPU.Build.0 = Debug|Any CPU
		{46F21372-CDD3-40F3-8C3F-1A9DD5AFB170}.Release|Any CPU.ActiveCfg = Release|Any CPU
		{46F21372-CDD3-40F3-8C3F-1A9DD5AFB170}.Release|Any CPU.Build.0 = Release|Any CPU
		{28938D49-C107-4E6A-968C-28F82036747A}.Debug|Any CPU.ActiveCfg = Debug|Any CPU
		{28938D49-C107-4E6A-968C-28F82036747A}.Debug|Any CPU.Build.0 = Debug|Any CPU
		{28938D49-C107-4E6A-968C-28F82036747A}.Release|Any CPU.ActiveCfg = Release|Any CPU
		{28938D49-C107-4E6A-968C-28F82036747A}.Release|Any CPU.Build.0 = Release|Any CPU
		{C89598B9-9FAE-498F-9197-A4672E759ACC}.Debug|Any CPU.ActiveCfg = Debug|Any CPU
		{C89598B9-9FAE-498F-9197-A4672E759ACC}.Debug|Any CPU.Build.0 = Debug|Any CPU
		{C89598B9-9FAE-498F-9197-A4672E759ACC}.Release|Any CPU.ActiveCfg = Release|Any CPU
		{C89598B9-9FAE-498F-9197-A4672E759ACC}.Release|Any CPU.Build.0 = Release|Any CPU
		{B9C6BA7B-027A-4D5C-A5BD-3EFE38F95771}.Debug|Any CPU.ActiveCfg = Debug|Any CPU
		{B9C6BA7B-027A-4D5C-A5BD-3EFE38F95771}.Debug|Any CPU.Build.0 = Debug|Any CPU
		{B9C6BA7B-027A-4D5C-A5BD-3EFE38F95771}.Release|Any CPU.ActiveCfg = Release|Any CPU
		{B9C6BA7B-027A-4D5C-A5BD-3EFE38F95771}.Release|Any CPU.Build.0 = Release|Any CPU
		{0129D0F4-4651-4B34-B9DE-0CEFE05BEC19}.Debug|Any CPU.ActiveCfg = Debug|Any CPU
		{0129D0F4-4651-4B34-B9DE-0CEFE05BEC19}.Debug|Any CPU.Build.0 = Debug|Any CPU
		{0129D0F4-4651-4B34-B9DE-0CEFE05BEC19}.Release|Any CPU.ActiveCfg = Release|Any CPU
		{0129D0F4-4651-4B34-B9DE-0CEFE05BEC19}.Release|Any CPU.Build.0 = Release|Any CPU
	EndGlobalSection
	GlobalSection(SolutionProperties) = preSolution
		HideSolutionNode = FALSE
	EndGlobalSection
	GlobalSection(ExtensibilityGlobals) = postSolution
		SolutionGuid = {69EB3B85-ECEA-404F-9B88-A436CA552B0C}
	EndGlobalSection
EndGlobal
